#MicroXplorer Configuration settings - do not modify
Mcu.Family=STM32F0
ProjectManager.MainLocation=Src
Dma.USART2_TX.1.Priority=DMA_PRIORITY_LOW
ProjectManager.ProjectFileName=usart_dma.ioc
USART2.IPParameters=VirtualMode-Asynchronous,WordLength
Dma.USART1_RX.0.PeriphDataAlignment=DMA_PDATAALIGN_BYTE
ProjectManager.KeepUserCode=true
Mcu.UserName=STM32F042K6Tx
PA10.Mode=Asynchronous
Mcu.PinsNb=5
ProjectManager.NoMain=false
Dma.USART2_TX.1.MemInc=DMA_MINC_ENABLE
RCC.PLLCLKFreq_Value=16000000
USART1.WordLength=WORDLENGTH_8B
ProjectManager.functionlistsort=1-MX_GPIO_Init-GPIO-false-HAL-true,2-MX_DMA_Init-DMA-false-HAL-true,3-SystemClock_Config-RCC-false-HAL-true,4-MX_USART1_UART_Init-USART1-false-HAL-true,5-MX_USART2_UART_Init-USART2-false-HAL-true
ProjectManager.DefaultFWLocation=true
NVIC.SVC_IRQn=true\:0\:0\:false\:false\:true\:false\:false
ProjectManager.DeletePrevious=true
USART1.IPParameters=VirtualMode-Asynchronous,WordLength
Dma.USART2_TX.1.PeriphDataAlignment=DMA_PDATAALIGN_BYTE
Dma.USART2_TX.1.RequestParameters=Instance,Direction,PeriphInc,MemInc,PeriphDataAlignment,MemDataAlignment,Mode,Priority
PinOutPanel.RotationAngle=0
RCC.FamilyName=M
ProjectManager.StackSize=0x400
USART1.VirtualMode-Asynchronous=VM_ASYNC
PA3.Mode=Asynchronous
Mcu.IP4=USART1
Mcu.IP5=USART2
Mcu.IP2=RCC
Mcu.IP3=SYS
Mcu.IP0=DMA
PA9.Mode=Asynchronous
Mcu.IP1=NVIC
Mcu.UserConstants=
ProjectManager.TargetToolchain=SW4STM32
Mcu.ThirdPartyNb=0
Dma.USART1_RX.0.Direction=DMA_PERIPH_TO_MEMORY
Mcu.IPNb=6
ProjectManager.PreviousToolchain=SW4STM32
PA9.Signal=USART1_TX
Dma.USART2_TX.1.Mode=DMA_CIRCULAR
Dma.USART1_RX.0.PeriphInc=DMA_PINC_DISABLE
Dma.USART1_RX.0.Priority=DMA_PRIORITY_LOW
Mcu.Pin0=PA2
Mcu.Pin1=PA3
GPIO.groupedBy=Group By Peripherals
Mcu.Pin2=PA9
Mcu.Pin3=PA10
Mcu.Pin4=VP_SYS_VS_Systick
ProjectManager.ProjectBuild=false
Dma.USART2_TX.1.PeriphInc=DMA_PINC_DISABLE
board=usart_dma
USART2.VirtualMode-Asynchronous=VM_ASYNC
NVIC.SysTick_IRQn=true\:0\:0\:false\:false\:true\:false\:true
ProjectManager.LastFirmware=true
NVIC.DMA1_Channel4_5_IRQn=true\:0\:0\:false\:false\:true\:false\:true
RCC.VCOOutput2Freq_Value=8000000
ProjectManager.FirmwarePackage=STM32Cube FW_F0 V1.11.0
Dma.USART2_TX.1.Direction=DMA_MEMORY_TO_PERIPH
MxDb.Version=DB.5.0.60
ProjectManager.BackupPrevious=false
MxCube.Version=5.6.0
Dma.USART2_TX.1.Instance=DMA1_Channel4
File.Version=6
VP_SYS_VS_Systick.Mode=SysTick
Dma.USART1_RX.0.MemDataAlignment=DMA_MDATAALIGN_BYTE
NVIC.NonMaskableInt_IRQn=true\:0\:0\:false\:false\:true\:false\:false
NVIC.PendSV_IRQn=true\:0\:0\:false\:false\:true\:false\:false
Dma.USART1_RX.0.MemInc=DMA_MINC_ENABLE
ProjectManager.FreePins=false
RCC.IPParameters=CECFreq_Value,FamilyName,HSICECFreq_Value,PLLCLKFreq_Value,PLLMCOFreq_Value,TimSysFreq_Value,VCOOutput2Freq_Value
ProjectManager.AskForMigrate=true
Mcu.Name=STM32F042K(4-6)Tx
Dma.RequestsNb=2
ProjectManager.HalAssertFull=false
PA2.Signal=USART2_TX
ProjectManager.ProjectName=usart_dma
ProjectManager.UnderRoot=true
RCC.HSICECFreq_Value=32786.88524590164
RCC.PLLMCOFreq_Value=16000000
ProjectManager.CoupleFile=false
Mcu.Package=LQFP32
RCC.TimSysFreq_Value=8000000
NVIC.ForceEnableDMAVector=true
KeepUserPlacement=false
ProjectManager.CompilerOptimize=2
ProjectManager.ToolChainLocation=
VP_SYS_VS_Systick.Signal=SYS_VS_Systick
Dma.USART1_RX.0.RequestParameters=Instance,Direction,PeriphInc,MemInc,PeriphDataAlignment,MemDataAlignment,Mode,Priority
PA10.Signal=USART1_RX
ProjectManager.HeapSize=0x200
NVIC.HardFault_IRQn=true\:0\:0\:false\:false\:true\:false\:false
USART2.WordLength=WORDLENGTH_8B
ProjectManager.ComputerToolchain=false
NVIC.DMA1_Channel2_3_IRQn=true\:0\:0\:false\:false\:true\:false\:true
RCC.CECFreq_Value=32786.88524590164
Dma.Request1=USART2_TX
PA2.Mode=Asynchronous
Dma.USART1_RX.0.Mode=DMA_NORMAL
Dma.USART2_TX.1.MemDataAlignment=DMA_MDATAALIGN_BYTE
Dma.Request0=USART1_RX
Dma.USART1_RX.0.Instance=DMA1_Channel3
ProjectManager.CustomerFirmwarePackage=
ProjectManager.DeviceId=STM32F042K6Tx
ProjectManager.LibraryCopy=1
PA3.Signal=USART2_RX
