#MicroXplorer Configuration settings - do not modify
Mcu.Family=STM32F0
USART2.VirtualMode-Asynchronous=VM_ASYNC
NVIC.SysTick_IRQn=true\:0\:0\:false\:false\:true\:false\:true
ProjectManager.LastFirmware=true
ProjectManager.MainLocation=Src
RCC.VCOOutput2Freq_Value=8000000
ProjectManager.FirmwarePackage=STM32Cube FW_F0 V1.11.0
MxDb.Version=DB.5.0.60
ProjectManager.ProjectFileName=usart_crc.ioc
USART2.IPParameters=VirtualMode-Asynchronous,BaudRate
ProjectManager.BackupPrevious=false
MxCube.Version=5.6.0
ProjectManager.KeepUserCode=true
Mcu.UserName=STM32F042K6Tx
Mcu.PinsNb=5
ProjectManager.NoMain=false
File.Version=6
VP_SYS_VS_Systick.Mode=SysTick
USART1.BaudRate=115200
RCC.PLLCLKFreq_Value=16000000
NVIC.NonMaskableInt_IRQn=true\:0\:0\:false\:false\:true\:false\:false
PA0.GPIO_Label=LED
NVIC.PendSV_IRQn=true\:0\:0\:false\:false\:true\:false\:false
ProjectManager.functionlistsort=1-MX_GPIO_Init-GPIO-false-HAL-true,2-SystemClock_Config-RCC-false-HAL-false,3-MX_USART1_UART_Init-USART1-false-HAL-true
ProjectManager.FreePins=false
RCC.IPParameters=CECFreq_Value,FamilyName,HSICECFreq_Value,PLLCLKFreq_Value,PLLMCOFreq_Value,TimSysFreq_Value,VCOOutput2Freq_Value
ProjectManager.DefaultFWLocation=true
ProjectManager.AskForMigrate=true
Mcu.Name=STM32F042K(4-6)Tx
ProjectManager.HalAssertFull=false
NVIC.SVC_IRQn=true\:0\:0\:false\:false\:true\:false\:false
ProjectManager.DeletePrevious=true
PA2.Signal=USART2_TX
ProjectManager.ProjectName=usart_crc
ProjectManager.UnderRoot=true
PA0.Signal=GPIO_Output
USART1.IPParameters=BaudRate,VirtualMode-Half_duplex(single_wire_mode)
RCC.HSICECFreq_Value=32786.88524590164
RCC.PLLMCOFreq_Value=16000000
ProjectManager.CoupleFile=false
USART2.BaudRate=115200
PinOutPanel.RotationAngle=0
Mcu.Package=LQFP32
RCC.FamilyName=M
RCC.TimSysFreq_Value=8000000
ProjectManager.StackSize=0x400
NVIC.ForceEnableDMAVector=true
KeepUserPlacement=false
PA3.Mode=Asynchronous
Mcu.IP4=USART2
ProjectManager.CompilerOptimize=6
Mcu.IP2=SYS
ProjectManager.ToolChainLocation=
Mcu.IP3=USART1
VP_SYS_VS_Systick.Signal=SYS_VS_Systick
Mcu.IP0=NVIC
USART1.VirtualMode-Half_duplex(single_wire_mode)=VM_ASYNC
PA9.Mode=Half_duplex(single_wire_mode)
Mcu.IP1=RCC
ProjectManager.HeapSize=0x200
PA0.GPIOParameters=GPIO_Label
NVIC.HardFault_IRQn=true\:0\:0\:false\:false\:true\:false\:false
Mcu.UserConstants=
ProjectManager.TargetToolchain=SW4STM32
ProjectManager.ComputerToolchain=false
Mcu.ThirdPartyNb=0
Mcu.IPNb=5
ProjectManager.PreviousToolchain=SW4STM32
RCC.CECFreq_Value=32786.88524590164
PA9.Signal=USART1_TX
PA2.Mode=Asynchronous
Mcu.Pin0=PA0
Mcu.Pin1=PA2
GPIO.groupedBy=
Mcu.Pin2=PA3
ProjectManager.CustomerFirmwarePackage=
Mcu.Pin3=PA9
ProjectManager.DeviceId=STM32F042K6Tx
Mcu.Pin4=VP_SYS_VS_Systick
ProjectManager.LibraryCopy=1
ProjectManager.ProjectBuild=false
PA0.Locked=true
PA3.Signal=USART2_RX
board=custom
