#MicroXplorer Configuration settings - do not modify
Mcu.Family=STM32F0
NVIC.SysTick_IRQn=true\:0\:0\:false\:false\:true\:false\:false
ProjectManager.LastFirmware=true
ProjectManager.MainLocation=Src
RCC.VCOOutput2Freq_Value=8000000
ProjectManager.FirmwarePackage=STM32Cube FW_F0 V1.9.0
MxDb.Version=DB.5.0.60
ProjectManager.ProjectFileName=usart_poll.ioc
USART2.IPParameters=WordLength,VirtualMode-Half_duplex(single_wire_mode)
ProjectManager.BackupPrevious=false
MxCube.Version=5.6.0
ProjectManager.KeepUserCode=true
PA10.Mode=Asynchronous
Mcu.UserName=STM32F042K6Tx
Mcu.PinsNb=4
ProjectManager.NoMain=false
File.Version=6
VP_SYS_VS_Systick.Mode=SysTick
USART1.BaudRate=115200
RCC.PLLCLKFreq_Value=16000000
USART1.WordLength=WORDLENGTH_8B
NVIC.NonMaskableInt_IRQn=true\:0\:0\:false\:false\:true\:false\:false
NVIC.PendSV_IRQn=true\:0\:0\:false\:false\:true\:false\:false
ProjectManager.functionlistsort=1-MX_GPIO_Init-GPIO-false-HAL-true,2-SystemClock_Config-RCC-false-HAL-true,3-MX_USART1_UART_Init-USART1-false-HAL-true,4-MX_USART2_UART_Init-USART2-false-HAL-true
ProjectManager.FreePins=false
RCC.IPParameters=CECFreq_Value,FamilyName,HSICECFreq_Value,PLLCLKFreq_Value,PLLMCOFreq_Value,TimSysFreq_Value,VCOOutput2Freq_Value
ProjectManager.DefaultFWLocation=true
ProjectManager.AskForMigrate=true
Mcu.Name=STM32F042K(4-6)Tx
ProjectManager.HalAssertFull=false
NVIC.SVC_IRQn=true\:0\:0\:false\:false\:true\:false\:false
ProjectManager.DeletePrevious=true
PA2.Signal=USART2_TX
ProjectManager.ProjectName=usart_poll
ProjectManager.UnderRoot=true
USART1.IPParameters=VirtualMode-Asynchronous,WordLength,BaudRate
RCC.HSICECFreq_Value=32786.88524590164
RCC.PLLMCOFreq_Value=16000000
ProjectManager.CoupleFile=false
PinOutPanel.RotationAngle=0
Mcu.Package=LQFP32
RCC.FamilyName=M
RCC.TimSysFreq_Value=8000000
ProjectManager.StackSize=0x400
NVIC.ForceEnableDMAVector=true
KeepUserPlacement=false
USART1.VirtualMode-Asynchronous=VM_ASYNC
Mcu.IP4=USART2
ProjectManager.CompilerOptimize=2
Mcu.IP2=SYS
ProjectManager.ToolChainLocation=
Mcu.IP3=USART1
USART2.VirtualMode-Half_duplex(single_wire_mode)=VM_ASYNC
Mcu.IP0=NVIC
VP_SYS_VS_Systick.Signal=SYS_VS_Systick
PA9.Mode=Asynchronous
Mcu.IP1=RCC
PA10.Signal=USART1_RX
ProjectManager.HeapSize=0x200
NVIC.HardFault_IRQn=true\:0\:0\:false\:false\:true\:false\:false
Mcu.UserConstants=
USART2.WordLength=WORDLENGTH_8B
ProjectManager.TargetToolchain=SW4STM32
ProjectManager.ComputerToolchain=false
Mcu.ThirdPartyNb=0
Mcu.IPNb=5
ProjectManager.PreviousToolchain=SW4STM32
RCC.CECFreq_Value=32786.88524590164
PA9.Signal=USART1_TX
PA2.Mode=Half_duplex(single_wire_mode)
Mcu.Pin0=PA2
Mcu.Pin1=PA9
GPIO.groupedBy=Group By Peripherals
Mcu.Pin2=PA10
ProjectManager.CustomerFirmwarePackage=
Mcu.Pin3=VP_SYS_VS_Systick
ProjectManager.DeviceId=STM32F042K6Tx
ProjectManager.LibraryCopy=1
ProjectManager.ProjectBuild=false
board=usart_poll
