#MicroXplorer Configuration settings - do not modify
Mcu.Family=STM32F0
RCC.Usart1ClockSelection=RCC_USART1CLKSOURCE_SYSCLK
NVIC.SysTick_IRQn=true\:3\:0\:false\:false\:false\:true\:false\:false
RCC.PLLSourceVirtual=RCC_PLLSOURCE_HSI48
ProjectManager.LastFirmware=true
ProjectManager.MainLocation=Src
RCC.I2SFreq_Value=48000000
RCC.MCOFreq_Value=48000000
RCC.VCOOutput2Freq_Value=48000000
ProjectManager.FirmwarePackage=STM32Cube FW_F0 V1.11.0
MxDb.Version=DB.5.0.60
RCC.USART1Freq_Value=48000000
ProjectManager.ProjectFileName=freertos_uart.ioc
ProjectManager.BackupPrevious=false
FREERTOS.Tasks01=starterTask,0,128,StarterTaskHandler,Default,NULL,Static,starterTaskBuffer,starterTaskControlBlock;uartTask,0,128,UartTaskHandler,Default,NULL,Static,uartTaskBuffer,uartTaskControlBlock;processTask,0,128,ProcessTaskHandler,Default,NULL,Static,processTaskBuffer,processTaskControlBlock;watchDogTask,0,128,WatchDogHandler,Default,NULL,Static,watchDogBuffer,watchDogControlBlock
MxCube.Version=5.6.0
VP_SYS_VS_tim1.Signal=SYS_VS_tim1
ProjectManager.KeepUserCode=true
Mcu.UserName=STM32F042K6Tx
Mcu.PinsNb=3
VP_SYS_VS_tim1.Mode=TIM1
FREERTOS.HEAP_NUMBER=2
ProjectManager.NoMain=false
File.Version=6
USART1.BaudRate=115200
RCC.PLLCLKFreq_Value=96000000
NVIC.NonMaskableInt_IRQn=true\:0\:0\:false\:false\:true\:false\:false\:false
NVIC.PendSV_IRQn=true\:3\:0\:false\:false\:false\:true\:false\:false
ProjectManager.functionlistsort=1-MX_GPIO_Init-GPIO-false-HAL-true,2-SystemClock_Config-RCC-false-HAL-false,3-MX_USART1_UART_Init-USART1-false-HAL-true
VP_FREERTOS_VS_CMSIS_V1.Mode=CMSIS_V1
ProjectManager.FreePins=false
RCC.IPParameters=AHBFreq_Value,APB1Freq_Value,APB1TimFreq_Value,CECFreq_Value,FCLKCortexFreq_Value,FamilyName,HCLKFreq_Value,HSICECFreq_Value,I2SFreq_Value,MCOFreq_Value,PLLCLKFreq_Value,PLLMCOFreq_Value,PLLSourceVirtual,SYSCLKFreq_VALUE,SYSCLKSource,TimSysFreq_Value,USART1Freq_Value,Usart1ClockSelection,VCOOutput2Freq_Value
ProjectManager.DefaultFWLocation=true
ProjectManager.AskForMigrate=true
Mcu.Name=STM32F042K(4-6)Tx
ProjectManager.HalAssertFull=false
FREERTOS.configTOTAL_HEAP_SIZE=0xc00
NVIC.SVC_IRQn=true\:0\:0\:false\:false\:false\:false\:false\:false
ProjectManager.DeletePrevious=true
ProjectManager.ProjectName=freertos_uart
ProjectManager.UnderRoot=true
USART1.IPParameters=BaudRate,VirtualMode-Half_duplex(single_wire_mode)
RCC.HSICECFreq_Value=32786.88524590164
RCC.PLLMCOFreq_Value=96000000
ProjectManager.CoupleFile=false
RCC.SYSCLKFreq_VALUE=48000000
PinOutPanel.RotationAngle=0
Mcu.Package=LQFP32
RCC.FamilyName=M
RCC.TimSysFreq_Value=48000000
RCC.SYSCLKSource=RCC_SYSCLKSOURCE_HSI48
ProjectManager.StackSize=0x100
NVIC.TimeBase=TIM1_BRK_UP_TRG_COM_IRQn
NVIC.ForceEnableDMAVector=true
KeepUserPlacement=false
Mcu.IP4=USART1
RCC.FCLKCortexFreq_Value=48000000
ProjectManager.CompilerOptimize=6
VP_FREERTOS_VS_CMSIS_V1.Signal=FREERTOS_VS_CMSIS_V1
Mcu.IP2=RCC
ProjectManager.ToolChainLocation=
Mcu.IP3=SYS
Mcu.IP0=FREERTOS
USART1.VirtualMode-Half_duplex(single_wire_mode)=VM_ASYNC
PA9.Mode=Half_duplex(single_wire_mode)
Mcu.IP1=NVIC
NVIC.TimeBaseIP=TIM1
FREERTOS.FootprintOK=true
ProjectManager.HeapSize=0x0
NVIC.HardFault_IRQn=true\:0\:0\:false\:false\:true\:false\:false\:false
Mcu.UserConstants=
ProjectManager.TargetToolchain=SW4STM32
ProjectManager.ComputerToolchain=false
Mcu.ThirdPartyNb=0
RCC.HCLKFreq_Value=48000000
Mcu.IPNb=5
ProjectManager.PreviousToolchain=SW4STM32
RCC.CECFreq_Value=32786.88524590164
PA9.Signal=USART1_TX
RCC.APB1TimFreq_Value=48000000
FREERTOS.IPParameters=Tasks01,configTOTAL_HEAP_SIZE,HEAP_NUMBER,MEMORY_ALLOCATION,FootprintOK
RCC.APB1Freq_Value=48000000
RCC.AHBFreq_Value=48000000
Mcu.Pin0=PA9
Mcu.Pin1=VP_FREERTOS_VS_CMSIS_V1
GPIO.groupedBy=
Mcu.Pin2=VP_SYS_VS_tim1
NVIC.TIM1_BRK_UP_TRG_COM_IRQn=true\:0\:0\:false\:false\:true\:false\:false\:true
ProjectManager.CustomerFirmwarePackage=
ProjectManager.DeviceId=STM32F042K6Tx
ProjectManager.LibraryCopy=1
ProjectManager.ProjectBuild=false
FREERTOS.MEMORY_ALLOCATION=1
board=custom
