#MicroXplorer Configuration settings - do not modify
Mcu.Family=STM32F0
NVIC.SysTick_IRQn=true\:0\:0\:false\:false\:true\:false\:true
ProjectManager.LastFirmware=true
ProjectManager.MainLocation=Src
RCC.VCOOutput2Freq_Value=8000000
ProjectManager.FirmwarePackage=STM32Cube FW_F0 V1.11.0
MxDb.Version=DB.5.0.60
ProjectManager.ProjectFileName=gpiox_led.ioc
ProjectManager.BackupPrevious=false
MxCube.Version=5.6.0
ProjectManager.KeepUserCode=true
Mcu.UserName=STM32F042K6Tx
Mcu.PinsNb=2
ProjectManager.NoMain=false
File.Version=6
VP_SYS_VS_Systick.Mode=SysTick
RCC.PLLCLKFreq_Value=16000000
NVIC.NonMaskableInt_IRQn=true\:0\:0\:false\:false\:true\:false\:false
NVIC.PendSV_IRQn=true\:0\:0\:false\:false\:true\:false\:false
ProjectManager.functionlistsort=1-MX_GPIO_Init-GPIO-false-HAL-true,2-SystemClock_Config-RCC-false-HAL-false
ProjectManager.FreePins=false
RCC.IPParameters=CECFreq_Value,FamilyName,HSICECFreq_Value,PLLCLKFreq_Value,PLLMCOFreq_Value,TimSysFreq_Value,VCOOutput2Freq_Value
ProjectManager.DefaultFWLocation=true
ProjectManager.AskForMigrate=true
Mcu.Name=STM32F042K(4-6)Tx
ProjectManager.HalAssertFull=false
NVIC.SVC_IRQn=true\:0\:0\:false\:false\:true\:false\:false
ProjectManager.DeletePrevious=true
ProjectManager.ProjectName=gpiox_led
ProjectManager.UnderRoot=true
PA0.Signal=GPIO_Output
RCC.HSICECFreq_Value=32786.88524590164
RCC.PLLMCOFreq_Value=16000000
ProjectManager.CoupleFile=false
PinOutPanel.RotationAngle=0
Mcu.Package=LQFP32
RCC.FamilyName=M
RCC.TimSysFreq_Value=8000000
ProjectManager.StackSize=0x400
NVIC.ForceEnableDMAVector=true
KeepUserPlacement=false
ProjectManager.CompilerOptimize=6
ProjectManager.ToolChainLocation=
Mcu.IP2=SYS
VP_SYS_VS_Systick.Signal=SYS_VS_Systick
Mcu.IP0=NVIC
Mcu.IP1=RCC
ProjectManager.HeapSize=0x200
NVIC.HardFault_IRQn=true\:0\:0\:false\:false\:true\:false\:false
Mcu.UserConstants=
ProjectManager.TargetToolchain=SW4STM32
ProjectManager.ComputerToolchain=false
Mcu.ThirdPartyNb=0
Mcu.IPNb=3
ProjectManager.PreviousToolchain=SW4STM32
RCC.CECFreq_Value=32786.88524590164
Mcu.Pin0=PA0
Mcu.Pin1=VP_SYS_VS_Systick
ProjectManager.CustomerFirmwarePackage=
ProjectManager.DeviceId=STM32F042K6Tx
ProjectManager.LibraryCopy=1
ProjectManager.ProjectBuild=false
PA0.Locked=true
board=custom
